// !$*UTF8*$!
{
	archiveVersion = 1;
	classes = {
	};
	objectVersion = 56;
	objects = {

/* Begin PBXBuildFile section */
		5219DB8A2BFC73B9006B8BA0 /* ExploreView.swift in Sources */ = {isa = PBXBuildFile; fileRef = 5219DB892BFC73B9006B8BA0 /* ExploreView.swift */; };
		5219DB8D2BFC74F7006B8BA0 /* MockExploreServiceImpl.swift in Sources */ = {isa = PBXBuildFile; fileRef = 5219DB8C2BFC74F7006B8BA0 /* MockExploreServiceImpl.swift */; };
		5219DB8F2BFC7540006B8BA0 /* Listing.swift in Sources */ = {isa = PBXBuildFile; fileRef = 5219DB8E2BFC7540006B8BA0 /* Listing.swift */; };
		5219DB912BFC8054006B8BA0 /* ExploreService.swift in Sources */ = {isa = PBXBuildFile; fileRef = 5219DB902BFC8054006B8BA0 /* ExploreService.swift */; };
		5219DB932BFC808A006B8BA0 /* mocks.swift in Sources */ = {isa = PBXBuildFile; fileRef = 5219DB922BFC808A006B8BA0 /* mocks.swift */; };
		52AC8A752BFC672A00F101C9 /* airbnb_iosApp.swift in Sources */ = {isa = PBXBuildFile; fileRef = 52AC8A742BFC672A00F101C9 /* airbnb_iosApp.swift */; };
		52AC8A7C2BFC672A00F101C9 /* Preview Assets.xcassets in Resources */ = {isa = PBXBuildFile; fileRef = 52AC8A7B2BFC672A00F101C9 /* Preview Assets.xcassets */; };
		52AC8A902BFC6B2700F101C9 /* MainTabView.swift in Sources */ = {isa = PBXBuildFile; fileRef = 52AC8A8F2BFC6B2700F101C9 /* MainTabView.swift */; };
		52BAAA6A2BFEEA4100CB8A5C /* ListingItemView.swift in Sources */ = {isa = PBXBuildFile; fileRef = 52BAAA692BFEEA4100CB8A5C /* ListingItemView.swift */; };
		52BAAA6C2BFEEA4C00CB8A5C /* ListingDetailsView.swift in Sources */ = {isa = PBXBuildFile; fileRef = 52BAAA6B2BFEEA4C00CB8A5C /* ListingDetailsView.swift */; };
		52C61C912BFD975C00F12CFD /* SearchFilterBarView.swift in Sources */ = {isa = PBXBuildFile; fileRef = 52C61C902BFD975C00F12CFD /* SearchFilterBarView.swift */; };
		52C61C932BFD977E00F12CFD /* ExploreViewModel.swift in Sources */ = {isa = PBXBuildFile; fileRef = 52C61C922BFD977E00F12CFD /* ExploreViewModel.swift */; };
		52C61C952BFDAFBE00F12CFD /* View.swift in Sources */ = {isa = PBXBuildFile; fileRef = 52C61C942BFDAFBE00F12CFD /* View.swift */; };
		52C61C972BFDB05A00F12CFD /* Card.swift in Sources */ = {isa = PBXBuildFile; fileRef = 52C61C962BFDB05A00F12CFD /* Card.swift */; };
		52C61C992BFDB0BD00F12CFD /* DropShadow.swift in Sources */ = {isa = PBXBuildFile; fileRef = 52C61C982BFDB0BD00F12CFD /* DropShadow.swift */; };
		52C61C9B2BFDBA2500F12CFD /* DestinationSearchView.swift in Sources */ = {isa = PBXBuildFile; fileRef = 52C61C9A2BFDBA2500F12CFD /* DestinationSearchView.swift */; };
		52DB80762C0031EE00102522 /* Assets.xcassets in Resources */ = {isa = PBXBuildFile; fileRef = 52DB80752C0031EE00102522 /* Assets.xcassets */; };
		52DB80782C0046C900102522 /* ListingImageCarouselView.swift in Sources */ = {isa = PBXBuildFile; fileRef = 52DB80772C0046C900102522 /* ListingImageCarouselView.swift */; };
/* End PBXBuildFile section */

/* Begin PBXFileReference section */
		5219DB892BFC73B9006B8BA0 /* ExploreView.swift */ = {isa = PBXFileReference; lastKnownFileType = sourcecode.swift; path = ExploreView.swift; sourceTree = "<group>"; };
		5219DB8C2BFC74F7006B8BA0 /* MockExploreServiceImpl.swift */ = {isa = PBXFileReference; lastKnownFileType = sourcecode.swift; path = MockExploreServiceImpl.swift; sourceTree = "<group>"; };
		5219DB8E2BFC7540006B8BA0 /* Listing.swift */ = {isa = PBXFileReference; lastKnownFileType = sourcecode.swift; path = Listing.swift; sourceTree = "<group>"; };
		5219DB902BFC8054006B8BA0 /* ExploreService.swift */ = {isa = PBXFileReference; lastKnownFileType = sourcecode.swift; path = ExploreService.swift; sourceTree = "<group>"; };
		5219DB922BFC808A006B8BA0 /* mocks.swift */ = {isa = PBXFileReference; lastKnownFileType = sourcecode.swift; path = mocks.swift; sourceTree = "<group>"; };
		52AC8A712BFC672A00F101C9 /* airbnb-ios.app */ = {isa = PBXFileReference; explicitFileType = wrapper.application; includeInIndex = 0; path = "airbnb-ios.app"; sourceTree = BUILT_PRODUCTS_DIR; };
		52AC8A742BFC672A00F101C9 /* airbnb_iosApp.swift */ = {isa = PBXFileReference; lastKnownFileType = sourcecode.swift; path = airbnb_iosApp.swift; sourceTree = "<group>"; };
		52AC8A7B2BFC672A00F101C9 /* Preview Assets.xcassets */ = {isa = PBXFileReference; lastKnownFileType = folder.assetcatalog; path = "Preview Assets.xcassets"; sourceTree = "<group>"; };
		52AC8A8F2BFC6B2700F101C9 /* MainTabView.swift */ = {isa = PBXFileReference; lastKnownFileType = sourcecode.swift; path = MainTabView.swift; sourceTree = "<group>"; };
		52BAAA692BFEEA4100CB8A5C /* ListingItemView.swift */ = {isa = PBXFileReference; lastKnownFileType = sourcecode.swift; path = ListingItemView.swift; sourceTree = "<group>"; };
		52BAAA6B2BFEEA4C00CB8A5C /* ListingDetailsView.swift */ = {isa = PBXFileReference; lastKnownFileType = sourcecode.swift; path = ListingDetailsView.swift; sourceTree = "<group>"; };
		52C61C902BFD975C00F12CFD /* SearchFilterBarView.swift */ = {isa = PBXFileReference; lastKnownFileType = sourcecode.swift; path = SearchFilterBarView.swift; sourceTree = "<group>"; };
		52C61C922BFD977E00F12CFD /* ExploreViewModel.swift */ = {isa = PBXFileReference; lastKnownFileType = sourcecode.swift; path = ExploreViewModel.swift; sourceTree = "<group>"; };
		52C61C942BFDAFBE00F12CFD /* View.swift */ = {isa = PBXFileReference; lastKnownFileType = sourcecode.swift; path = View.swift; sourceTree = "<group>"; };
		52C61C962BFDB05A00F12CFD /* Card.swift */ = {isa = PBXFileReference; lastKnownFileType = sourcecode.swift; path = Card.swift; sourceTree = "<group>"; };
		52C61C982BFDB0BD00F12CFD /* DropShadow.swift */ = {isa = PBXFileReference; lastKnownFileType = sourcecode.swift; path = DropShadow.swift; sourceTree = "<group>"; };
		52C61C9A2BFDBA2500F12CFD /* DestinationSearchView.swift */ = {isa = PBXFileReference; lastKnownFileType = sourcecode.swift; path = DestinationSearchView.swift; sourceTree = "<group>"; };
		52DB80752C0031EE00102522 /* Assets.xcassets */ = {isa = PBXFileReference; lastKnownFileType = folder.assetcatalog; name = Assets.xcassets; path = "../../../ios-copy/airbnb-ios/Airbnb Clone/Assets.xcassets"; sourceTree = "<group>"; };
		52DB80772C0046C900102522 /* ListingImageCarouselView.swift */ = {isa = PBXFileReference; lastKnownFileType = sourcecode.swift; path = ListingImageCarouselView.swift; sourceTree = "<group>"; };
/* End PBXFileReference section */

/* Begin PBXFrameworksBuildPhase section */
		52AC8A6E2BFC672A00F101C9 /* Frameworks */ = {
			isa = PBXFrameworksBuildPhase;
			buildActionMask = 2147483647;
			files = (
			);
			runOnlyForDeploymentPostprocessing = 0;
		};
/* End PBXFrameworksBuildPhase section */

/* Begin PBXGroup section */
		5219DB852BFC7393006B8BA0 /* Service */ = {
			isa = PBXGroup;
			children = (
				5219DB8B2BFC74C3006B8BA0 /* ExploreServiceImpl */,
				5219DB902BFC8054006B8BA0 /* ExploreService.swift */,
			);
			path = Service;
			sourceTree = "<group>";
		};
		5219DB872BFC73A0006B8BA0 /* View */ = {
			isa = PBXGroup;
			children = (
				5219DB892BFC73B9006B8BA0 /* ExploreView.swift */,
				52C61C902BFD975C00F12CFD /* SearchFilterBarView.swift */,
				52C61C9A2BFDBA2500F12CFD /* DestinationSearchView.swift */,
			);
			path = View;
			sourceTree = "<group>";
		};
		5219DB882BFC73A5006B8BA0 /* ViewModel */ = {
			isa = PBXGroup;
			children = (
				52C61C922BFD977E00F12CFD /* ExploreViewModel.swift */,
			);
			path = ViewModel;
			sourceTree = "<group>";
		};
		5219DB8B2BFC74C3006B8BA0 /* ExploreServiceImpl */ = {
			isa = PBXGroup;
			children = (
				5219DB8C2BFC74F7006B8BA0 /* MockExploreServiceImpl.swift */,
			);
			path = ExploreServiceImpl;
			sourceTree = "<group>";
		};
		52AC8A682BFC672A00F101C9 = {
			isa = PBXGroup;
			children = (
				52AC8A732BFC672A00F101C9 /* airbnb-ios */,
				52AC8A722BFC672A00F101C9 /* Products */,
			);
			sourceTree = "<group>";
		};
		52AC8A722BFC672A00F101C9 /* Products */ = {
			isa = PBXGroup;
			children = (
				52AC8A712BFC672A00F101C9 /* airbnb-ios.app */,
			);
			name = Products;
			sourceTree = "<group>";
		};
		52AC8A732BFC672A00F101C9 /* airbnb-ios */ = {
			isa = PBXGroup;
			children = (
				52AC8A882BFC6AE700F101C9 /* Utils */,
				52AC8A872BFC6AE100F101C9 /* Styles */,
				52AC8A862BFC6ADB00F101C9 /* Models */,
				52AC8A852BFC6AD300F101C9 /* Extensions */,
				52AC8A842BFC6ACC00F101C9 /* Core */,
				52AC8A822BFC6AB000F101C9 /* App */,
				52DB80752C0031EE00102522 /* Assets.xcassets */,
				52AC8A7A2BFC672A00F101C9 /* Preview Content */,
			);
			path = "airbnb-ios";
			sourceTree = "<group>";
		};
		52AC8A7A2BFC672A00F101C9 /* Preview Content */ = {
			isa = PBXGroup;
			children = (
				52AC8A7B2BFC672A00F101C9 /* Preview Assets.xcassets */,
			);
			path = "Preview Content";
			sourceTree = "<group>";
		};
		52AC8A822BFC6AB000F101C9 /* App */ = {
			isa = PBXGroup;
			children = (
				52AC8A742BFC672A00F101C9 /* airbnb_iosApp.swift */,
			);
			path = App;
			sourceTree = "<group>";
		};
		52AC8A832BFC6AC400F101C9 /* Components */ = {
			isa = PBXGroup;
			children = (
				52DB80772C0046C900102522 /* ListingImageCarouselView.swift */,
			);
			path = Components;
			sourceTree = "<group>";
		};
		52AC8A842BFC6ACC00F101C9 /* Core */ = {
			isa = PBXGroup;
			children = (
				52AC8A832BFC6AC400F101C9 /* Components */,
				52AC8A8E2BFC6B1600F101C9 /* Root */,
				52AC8A8D2BFC6B1200F101C9 /* Profile */,
				52AC8A8C2BFC6B0C00F101C9 /* MapView */,
				52AC8A8B2BFC6B0800F101C9 /* Listings */,
				52AC8A8A2BFC6B0300F101C9 /* Explore */,
				52AC8A892BFC6AFC00F101C9 /* TabBar */,
			);
			path = Core;
			sourceTree = "<group>";
		};
		52AC8A852BFC6AD300F101C9 /* Extensions */ = {
			isa = PBXGroup;
			children = (
				52C61C942BFDAFBE00F12CFD /* View.swift */,
			);
			path = Extensions;
			sourceTree = "<group>";
		};
		52AC8A862BFC6ADB00F101C9 /* Models */ = {
			isa = PBXGroup;
			children = (
				5219DB8E2BFC7540006B8BA0 /* Listing.swift */,
			);
			path = Models;
			sourceTree = "<group>";
		};
		52AC8A872BFC6AE100F101C9 /* Styles */ = {
			isa = PBXGroup;
			children = (
				52C61C962BFDB05A00F12CFD /* Card.swift */,
				52C61C982BFDB0BD00F12CFD /* DropShadow.swift */,
			);
			path = Styles;
			sourceTree = "<group>";
		};
		52AC8A882BFC6AE700F101C9 /* Utils */ = {
			isa = PBXGroup;
			children = (
				5219DB922BFC808A006B8BA0 /* mocks.swift */,
			);
			path = Utils;
			sourceTree = "<group>";
		};
		52AC8A892BFC6AFC00F101C9 /* TabBar */ = {
			isa = PBXGroup;
			children = (
				52AC8A8F2BFC6B2700F101C9 /* MainTabView.swift */,
			);
			path = TabBar;
			sourceTree = "<group>";
		};
		52AC8A8A2BFC6B0300F101C9 /* Explore */ = {
			isa = PBXGroup;
			children = (
				5219DB882BFC73A5006B8BA0 /* ViewModel */,
				5219DB872BFC73A0006B8BA0 /* View */,
				5219DB852BFC7393006B8BA0 /* Service */,
			);
			path = Explore;
			sourceTree = "<group>";
		};
		52AC8A8B2BFC6B0800F101C9 /* Listings */ = {
			isa = PBXGroup;
			children = (
				52BAAA692BFEEA4100CB8A5C /* ListingItemView.swift */,
				52BAAA6B2BFEEA4C00CB8A5C /* ListingDetailsView.swift */,
			);
			path = Listings;
			sourceTree = "<group>";
		};
		52AC8A8C2BFC6B0C00F101C9 /* MapView */ = {
			isa = PBXGroup;
			children = (
			);
			path = MapView;
			sourceTree = "<group>";
		};
		52AC8A8D2BFC6B1200F101C9 /* Profile */ = {
			isa = PBXGroup;
			children = (
			);
			path = Profile;
			sourceTree = "<group>";
		};
		52AC8A8E2BFC6B1600F101C9 /* Root */ = {
			isa = PBXGroup;
			children = (
			);
			path = Root;
			sourceTree = "<group>";
		};
/* End PBXGroup section */

/* Begin PBXNativeTarget section */
		52AC8A702BFC672A00F101C9 /* airbnb-ios */ = {
			isa = PBXNativeTarget;
			buildConfigurationList = 52AC8A7F2BFC672A00F101C9 /* Build configuration list for PBXNativeTarget "airbnb-ios" */;
			buildPhases = (
				52AC8A6D2BFC672A00F101C9 /* Sources */,
				52AC8A6E2BFC672A00F101C9 /* Frameworks */,
				52AC8A6F2BFC672A00F101C9 /* Resources */,
			);
			buildRules = (
			);
			dependencies = (
			);
			name = "airbnb-ios";
			productName = "airbnb-ios";
			productReference = 52AC8A712BFC672A00F101C9 /* airbnb-ios.app */;
			productType = "com.apple.product-type.application";
		};
/* End PBXNativeTarget section */

/* Begin PBXProject section */
		52AC8A692BFC672A00F101C9 /* Project object */ = {
			isa = PBXProject;
			attributes = {
				BuildIndependentTargetsInParallel = 1;
				LastSwiftUpdateCheck = 1430;
				LastUpgradeCheck = 1430;
				TargetAttributes = {
					52AC8A702BFC672A00F101C9 = {
						CreatedOnToolsVersion = 14.3.1;
					};
				};
			};
			buildConfigurationList = 52AC8A6C2BFC672A00F101C9 /* Build configuration list for PBXProject "airbnb-ios" */;
			compatibilityVersion = "Xcode 14.0";
			developmentRegion = en;
			hasScannedForEncodings = 0;
			knownRegions = (
				en,
				Base,
			);
			mainGroup = 52AC8A682BFC672A00F101C9;
			productRefGroup = 52AC8A722BFC672A00F101C9 /* Products */;
			projectDirPath = "";
			projectRoot = "";
			targets = (
				52AC8A702BFC672A00F101C9 /* airbnb-ios */,
			);
		};
/* End PBXProject section */

/* Begin PBXResourcesBuildPhase section */
		52AC8A6F2BFC672A00F101C9 /* Resources */ = {
			isa = PBXResourcesBuildPhase;
			buildActionMask = 2147483647;
			files = (
				52AC8A7C2BFC672A00F101C9 /* Preview Assets.xcassets in Resources */,
				52DB80762C0031EE00102522 /* Assets.xcassets in Resources */,
			);
			runOnlyForDeploymentPostprocessing = 0;
		};
/* End PBXResourcesBuildPhase section */

/* Begin PBXSourcesBuildPhase section */
		52AC8A6D2BFC672A00F101C9 /* Sources */ = {
			isa = PBXSourcesBuildPhase;
			buildActionMask = 2147483647;
			files = (
				52C61C9B2BFDBA2500F12CFD /* DestinationSearchView.swift in Sources */,
				52C61C912BFD975C00F12CFD /* SearchFilterBarView.swift in Sources */,
				52AC8A752BFC672A00F101C9 /* airbnb_iosApp.swift in Sources */,
				52C61C952BFDAFBE00F12CFD /* View.swift in Sources */,
				5219DB912BFC8054006B8BA0 /* ExploreService.swift in Sources */,
				52BAAA6C2BFEEA4C00CB8A5C /* ListingDetailsView.swift in Sources */,
				5219DB932BFC808A006B8BA0 /* mocks.swift in Sources */,
				5219DB8A2BFC73B9006B8BA0 /* ExploreView.swift in Sources */,
				5219DB8F2BFC7540006B8BA0 /* Listing.swift in Sources */,
				52BAAA6A2BFEEA4100CB8A5C /* ListingItemView.swift in Sources */,
				52C61C932BFD977E00F12CFD /* ExploreViewModel.swift in Sources */,
				52AC8A902BFC6B2700F101C9 /* MainTabView.swift in Sources */,
				5219DB8D2BFC74F7006B8BA0 /* MockExploreServiceImpl.swift in Sources */,
				52C61C992BFDB0BD00F12CFD /* DropShadow.swift in Sources */,
				52C61C972BFDB05A00F12CFD /* Card.swift in Sources */,
				52DB80782C0046C900102522 /* ListingImageCarouselView.swift in Sources */,
			);
			runOnlyForDeploymentPostprocessing = 0;
		};
/* End PBXSourcesBuildPhase section */

/* Begin XCBuildConfiguration section */
		52AC8A7D2BFC672A00F101C9 /* Debug */ = {
			isa = XCBuildConfiguration;
			buildSettings = {
				ALWAYS_SEARCH_USER_PATHS = NO;
				CLANG_ANALYZER_NONNULL = YES;
				CLANG_ANALYZER_NUMBER_OBJECT_CONVERSION = YES_AGGRESSIVE;
				CLANG_CXX_LANGUAGE_STANDARD = "gnu++20";
				CLANG_ENABLE_MODULES = YES;
				CLANG_ENABLE_OBJC_ARC = YES;
				CLANG_ENABLE_OBJC_WEAK = YES;
				CLANG_WARN_BLOCK_CAPTURE_AUTORELEASING = YES;
				CLANG_WARN_BOOL_CONVERSION = YES;
				CLANG_WARN_COMMA = YES;
				CLANG_WARN_CONSTANT_CONVERSION = YES;
				CLANG_WARN_DEPRECATED_OBJC_IMPLEMENTATIONS = YES;
				CLANG_WARN_DIRECT_OBJC_ISA_USAGE = YES_ERROR;
				CLANG_WARN_DOCUMENTATION_COMMENTS = YES;
				CLANG_WARN_EMPTY_BODY = YES;
				CLANG_WARN_ENUM_CONVERSION = YES;
				CLANG_WARN_INFINITE_RECURSION = YES;
				CLANG_WARN_INT_CONVERSION = YES;
				CLANG_WARN_NON_LITERAL_NULL_CONVERSION = YES;
				CLANG_WARN_OBJC_IMPLICIT_RETAIN_SELF = YES;
				CLANG_WARN_OBJC_LITERAL_CONVERSION = YES;
				CLANG_WARN_OBJC_ROOT_CLASS = YES_ERROR;
				CLANG_WARN_QUOTED_INCLUDE_IN_FRAMEWORK_HEADER = YES;
				CLANG_WARN_RANGE_LOOP_ANALYSIS = YES;
				CLANG_WARN_STRICT_PROTOTYPES = YES;
				CLANG_WARN_SUSPICIOUS_MOVE = YES;
				CLANG_WARN_UNGUARDED_AVAILABILITY = YES_AGGRESSIVE;
				CLANG_WARN_UNREACHABLE_CODE = YES;
				CLANG_WARN__DUPLICATE_METHOD_MATCH = YES;
				COPY_PHASE_STRIP = NO;
				DEBUG_INFORMATION_FORMAT = dwarf;
				ENABLE_STRICT_OBJC_MSGSEND = YES;
				ENABLE_TESTABILITY = YES;
				GCC_C_LANGUAGE_STANDARD = gnu11;
				GCC_DYNAMIC_NO_PIC = NO;
				GCC_NO_COMMON_BLOCKS = YES;
				GCC_OPTIMIZATION_LEVEL = 0;
				GCC_PREPROCESSOR_DEFINITIONS = (
					"DEBUG=1",
					"$(inherited)",
				);
				GCC_WARN_64_TO_32_BIT_CONVERSION = YES;
				GCC_WARN_ABOUT_RETURN_TYPE = YES_ERROR;
				GCC_WARN_UNDECLARED_SELECTOR = YES;
				GCC_WARN_UNINITIALIZED_AUTOS = YES_AGGRESSIVE;
				GCC_WARN_UNUSED_FUNCTION = YES;
				GCC_WARN_UNUSED_VARIABLE = YES;
				IPHONEOS_DEPLOYMENT_TARGET = 16.4;
				MTL_ENABLE_DEBUG_INFO = INCLUDE_SOURCE;
				MTL_FAST_MATH = YES;
				ONLY_ACTIVE_ARCH = YES;
				SDKROOT = iphoneos;
				SWIFT_ACTIVE_COMPILATION_CONDITIONS = DEBUG;
				SWIFT_OPTIMIZATION_LEVEL = "-Onone";
			};
			name = Debug;
		};
		52AC8A7E2BFC672A00F101C9 /* Release */ = {
			isa = XCBuildConfiguration;
			buildSettings = {
				ALWAYS_SEARCH_USER_PATHS = NO;
				CLANG_ANALYZER_NONNULL = YES;
				CLANG_ANALYZER_NUMBER_OBJECT_CONVERSION = YES_AGGRESSIVE;
				CLANG_CXX_LANGUAGE_STANDARD = "gnu++20";
				CLANG_ENABLE_MODULES = YES;
				CLANG_ENABLE_OBJC_ARC = YES;
				CLANG_ENABLE_OBJC_WEAK = YES;
				CLANG_WARN_BLOCK_CAPTURE_AUTORELEASING = YES;
				CLANG_WARN_BOOL_CONVERSION = YES;
				CLANG_WARN_COMMA = YES;
				CLANG_WARN_CONSTANT_CONVERSION = YES;
				CLANG_WARN_DEPRECATED_OBJC_IMPLEMENTATIONS = YES;
				CLANG_WARN_DIRECT_OBJC_ISA_USAGE = YES_ERROR;
				CLANG_WARN_DOCUMENTATION_COMMENTS = YES;
				CLANG_WARN_EMPTY_BODY = YES;
				CLANG_WARN_ENUM_CONVERSION = YES;
				CLANG_WARN_INFINITE_RECURSION = YES;
				CLANG_WARN_INT_CONVERSION = YES;
				CLANG_WARN_NON_LITERAL_NULL_CONVERSION = YES;
				CLANG_WARN_OBJC_IMPLICIT_RETAIN_SELF = YES;
				CLANG_WARN_OBJC_LITERAL_CONVERSION = YES;
				CLANG_WARN_OBJC_ROOT_CLASS = YES_ERROR;
				CLANG_WARN_QUOTED_INCLUDE_IN_FRAMEWORK_HEADER = YES;
				CLANG_WARN_RANGE_LOOP_ANALYSIS = YES;
				CLANG_WARN_STRICT_PROTOTYPES = YES;
				CLANG_WARN_SUSPICIOUS_MOVE = YES;
				CLANG_WARN_UNGUARDED_AVAILABILITY = YES_AGGRESSIVE;
				CLANG_WARN_UNREACHABLE_CODE = YES;
				CLANG_WARN__DUPLICATE_METHOD_MATCH = YES;
				COPY_PHASE_STRIP = NO;
				DEBUG_INFORMATION_FORMAT = "dwarf-with-dsym";
				ENABLE_NS_ASSERTIONS = NO;
				ENABLE_STRICT_OBJC_MSGSEND = YES;
				GCC_C_LANGUAGE_STANDARD = gnu11;
				GCC_NO_COMMON_BLOCKS = YES;
				GCC_WARN_64_TO_32_BIT_CONVERSION = YES;
				GCC_WARN_ABOUT_RETURN_TYPE = YES_ERROR;
				GCC_WARN_UNDECLARED_SELECTOR = YES;
				GCC_WARN_UNINITIALIZED_AUTOS = YES_AGGRESSIVE;
				GCC_WARN_UNUSED_FUNCTION = YES;
				GCC_WARN_UNUSED_VARIABLE = YES;
				IPHONEOS_DEPLOYMENT_TARGET = 16.4;
				MTL_ENABLE_DEBUG_INFO = NO;
				MTL_FAST_MATH = YES;
				SDKROOT = iphoneos;
				SWIFT_COMPILATION_MODE = wholemodule;
				SWIFT_OPTIMIZATION_LEVEL = "-O";
				VALIDATE_PRODUCT = YES;
			};
			name = Release;
		};
		52AC8A802BFC672A00F101C9 /* Debug */ = {
			isa = XCBuildConfiguration;
			buildSettings = {
				ASSETCATALOG_COMPILER_APPICON_NAME = AppIcon;
				ASSETCATALOG_COMPILER_GLOBAL_ACCENT_COLOR_NAME = AccentColor;
				CODE_SIGN_STYLE = Automatic;
				CURRENT_PROJECT_VERSION = 1;
				DEVELOPMENT_ASSET_PATHS = "\"airbnb-ios/Preview Content\"";
				DEVELOPMENT_TEAM = KC2WS572F2;
				ENABLE_PREVIEWS = YES;
				GENERATE_INFOPLIST_FILE = YES;
				INFOPLIST_KEY_UIApplicationSceneManifest_Generation = YES;
				INFOPLIST_KEY_UIApplicationSupportsIndirectInputEvents = YES;
				INFOPLIST_KEY_UILaunchScreen_Generation = YES;
				INFOPLIST_KEY_UISupportedInterfaceOrientations_iPad = "UIInterfaceOrientationPortrait UIInterfaceOrientationPortraitUpsideDown UIInterfaceOrientationLandscapeLeft UIInterfaceOrientationLandscapeRight";
				INFOPLIST_KEY_UISupportedInterfaceOrientations_iPhone = "UIInterfaceOrientationPortrait UIInterfaceOrientationLandscapeLeft UIInterfaceOrientationLandscapeRight";
				LD_RUNPATH_SEARCH_PATHS = (
					"$(inherited)",
					"@executable_path/Frameworks",
				);
				MARKETING_VERSION = 1.0;
				PRODUCT_BUNDLE_IDENTIFIER = "com.johnmira.airbnb-ios";
				PRODUCT_NAME = "$(TARGET_NAME)";
				SWIFT_EMIT_LOC_STRINGS = YES;
				SWIFT_VERSION = 5.0;
				TARGETED_DEVICE_FAMILY = "1,2";
			};
			name = Debug;
		};
		52AC8A812BFC672A00F101C9 /* Release */ = {
			isa = XCBuildConfiguration;
			buildSettings = {
				ASSETCATALOG_COMPILER_APPICON_NAME = AppIcon;
				ASSETCATALOG_COMPILER_GLOBAL_ACCENT_COLOR_NAME = AccentColor;
				CODE_SIGN_STYLE = Automatic;
				CURRENT_PROJECT_VERSION = 1;
				DEVELOPMENT_ASSET_PATHS = "\"airbnb-ios/Preview Content\"";
				DEVELOPMENT_TEAM = KC2WS572F2;
				ENABLE_PREVIEWS = YES;
				GENERATE_INFOPLIST_FILE = YES;
				INFOPLIST_KEY_UIApplicationSceneManifest_Generation = YES;
				INFOPLIST_KEY_UIApplicationSupportsIndirectInputEvents = YES;
				INFOPLIST_KEY_UILaunchScreen_Generation = YES;
				INFOPLIST_KEY_UISupportedInterfaceOrientations_iPad = "UIInterfaceOrientationPortrait UIInterfaceOrientationPortraitUpsideDown UIInterfaceOrientationLandscapeLeft UIInterfaceOrientationLandscapeRight";
				INFOPLIST_KEY_UISupportedInterfaceOrientations_iPhone = "UIInterfaceOrientationPortrait UIInterfaceOrientationLandscapeLeft UIInterfaceOrientationLandscapeRight";
				LD_RUNPATH_SEARCH_PATHS = (
					"$(inherited)",
					"@executable_path/Frameworks",
				);
				MARKETING_VERSION = 1.0;
				PRODUCT_BUNDLE_IDENTIFIER = "com.johnmira.airbnb-ios";
				PRODUCT_NAME = "$(TARGET_NAME)";
				SWIFT_EMIT_LOC_STRINGS = YES;
				SWIFT_VERSION = 5.0;
				TARGETED_DEVICE_FAMILY = "1,2";
			};
			name = Release;
		};
/* End XCBuildConfiguration section */

/* Begin XCConfigurationList section */
		52AC8A6C2BFC672A00F101C9 /* Build configuration list for PBXProject "airbnb-ios" */ = {
			isa = XCConfigurationList;
			buildConfigurations = (
				52AC8A7D2BFC672A00F101C9 /* Debug */,
				52AC8A7E2BFC672A00F101C9 /* Release */,
			);
			defaultConfigurationIsVisible = 0;
			defaultConfigurationName = Release;
		};
		52AC8A7F2BFC672A00F101C9 /* Build configuration list for PBXNativeTarget "airbnb-ios" */ = {
			isa = XCConfigurationList;
			buildConfigurations = (
				52AC8A802BFC672A00F101C9 /* Debug */,
				52AC8A812BFC672A00F101C9 /* Release */,
			);
			defaultConfigurationIsVisible = 0;
			defaultConfigurationName = Release;
		};
/* End XCConfigurationList section */
	};
	rootObject = 52AC8A692BFC672A00F101C9 /* Project object */;
}
